
Microsoft Visual Studio Solution File, Format Version 12.00
Project("{FAE04EC0-301F-11D3-BF4B-00C04F79EFBC}") = "Laboratory4", "Laboratory4.csproj", "{7CB62E00-FE40-4357-B9B0-EB56F3BDE18A}"
EndProject
Global
	GlobalSection(SolutionConfigurationPlatforms) = preSolution
		Debug|Any CPU = Debug|Any CPU
		Release|Any CPU = Release|Any CPU
	EndGlobalSection
	GlobalSection(ProjectConfigurationPlatforms) = postSolution
		{7CB62E00-FE40-4357-B9B0-EB56F3BDE18A}.Debug|Any CPU.ActiveCfg = Debug|Any CPU
		{7CB62E00-FE40-4357-B9B0-EB56F3BDE18A}.Debug|Any CPU.Build.0 = Debug|Any CPU
		{7CB62E00-FE40-4357-B9B0-EB56F3BDE18A}.Release|Any CPU.ActiveCfg = Release|Any CPU
		{7CB62E00-FE40-4357-B9B0-EB56F3BDE18A}.Release|Any CPU.Build.0 = Release|Any CPU
	EndGlobalSection
EndGlobal
