
Microsoft Visual Studio Solution File, Format Version 12.00
Project("{FAE04EC0-301F-11D3-BF4B-00C04F79EFBC}") = "Lab 4", "Lab 4\Lab 4.csproj", "{482F7EB3-AB39-42F6-A04D-09619E44BAE4}"
EndProject
Global
	GlobalSection(SolutionConfigurationPlatforms) = preSolution
		Debug|Any CPU = Debug|Any CPU
		Release|Any CPU = Release|Any CPU
	EndGlobalSection
	GlobalSection(ProjectConfigurationPlatforms) = postSolution
		{482F7EB3-AB39-42F6-A04D-09619E44BAE4}.Debug|Any CPU.ActiveCfg = Debug|Any CPU
		{482F7EB3-AB39-42F6-A04D-09619E44BAE4}.Debug|Any CPU.Build.0 = Debug|Any CPU
		{482F7EB3-AB39-42F6-A04D-09619E44BAE4}.Release|Any CPU.ActiveCfg = Release|Any CPU
		{482F7EB3-AB39-42F6-A04D-09619E44BAE4}.Release|Any CPU.Build.0 = Release|Any CPU
	EndGlobalSection
EndGlobal
